{
  "requires": true,
  "lockfileVersion": 1,
  "dependencies": {
    "@types/debug": {
      "version": "4.1.12",
      "resolved": "https://registry.npmjs.org/@types/debug/-/debug-4.1.12.tgz",
      "integrity": "sha512-vIChWdVG3LG1SMxEvI/AK+FWJthlrqlTu7fbrlywTkkaONwk/UAGaULXRlf8vkzFBLVm0zkMdCquhL5aOjhXPQ==",
      "dev": true,
      "requires": {
        "@types/ms": "*"
      }
    },
    "@types/depd": {
      "version": "1.1.36",
      "resolved": "https://registry.npmjs.org/@types/depd/-/depd-1.1.36.tgz",
      "integrity": "sha512-+apvfj5Bn6ORfud9XrgoIu6H6s2pTN+X8rQ2LgkA3YUXY+PiXkCJjizh8qxv8CrLtXlxw3NCmYrNbbeckVOQrA==",
      "dev": true,
      "requires": {
        "@types/node": "*"
      }
    },
    "@types/destroy": {
      "version": "1.0.3",
      "resolved": "https://registry.npmjs.org/@types/destroy/-/destroy-1.0.3.tgz",
      "integrity": "sha512-nRcH61sRUBct1KM6dV4kjNzgLBrM6eSafsBfoGo/tOeKkTPbYsqi5uJqh8Rq7M9+stYh0wW+Tg56XFcsCPrjhw==",
      "dev": true,
      "requires": {
        "@types/node": "*"
      }
    },
    "@types/encodeurl": {
      "version": "1.0.2",
      "resolved": "https://registry.npmjs.org/@types/encodeurl/-/encodeurl-1.0.2.tgz",
      "integrity": "sha512-oSnLIbaOi9CK6ksuZLxVfIs95wzG0gxjch0Mu0P/ViwLj5gvqmd2iy0e6NYluiEOCeUIFdyE9oR9kLKwDa++dw==",
      "dev": true
    },
    "@types/escape-html": {
      "version": "1.0.4",
      "resolved": "https://registry.npmjs.org/@types/escape-html/-/escape-html-1.0.4.tgz",
      "integrity": "sha512-qZ72SFTgUAZ5a7Tj6kf2SHLetiH5S6f8G5frB2SPQ3EyF02kxdyBFf4Tz4banE3xCgGnKgWLt//a6VuYHKYJTg==",
      "dev": true
    },
    "@types/etag": {
      "version": "1.8.3",
      "resolved": "https://registry.npmjs.org/@types/etag/-/etag-1.8.3.tgz",
      "integrity": "sha512-QYHv9Yeh1ZYSMPQOoxY4XC4F1r+xRUiAriB303F4G6uBsT3KKX60DjiogvVv+2VISVDuJhcIzMdbjT+Bm938QQ==",
      "dev": true,
      "requires": {
        "@types/node": "*"
      }
    },
    "@types/find-in-files": {
      "version": "0.5.3",
      "resolved": "https://registry.npmjs.org/@types/find-in-files/-/find-in-files-0.5.3.tgz",
      "integrity": "sha512-IGKtSn0Lonfx3HdK6KMcfd5GUc1xdeLtjW1n7ZSA5Tmn1n2gj878q6IC0s4MbF9KtBpXIRqjRQxBzi2kF4WvGw==",
      "dev": true
    },
    "@types/fresh": {
      "version": "0.5.2",
      "resolved": "https://registry.npmjs.org/@types/fresh/-/fresh-0.5.2.tgz",
      "integrity": "sha512-3WJILVS3mH25chJYG8WLzgohpXkqSE5S1dKFSWi+0O6hLjzZKL+AUvjFsk3YqwnUcRL6lQ2BR1IKVwedj5AiEw==",
      "dev": true
    },
    "@types/http-errors": {
      "version": "2.0.4",
      "resolved": "https://registry.npmjs.org/@types/http-errors/-/http-errors-2.0.4.tgz",
      "integrity": "sha512-D0CFMMtydbJAegzOyHjtiKPLlvnm3iTZyZRSZoLq2mRhDdmLfIWOCYPfQJ4cu2erKghU++QvjcUjp/5h7hESpA==",
      "dev": true
    },
    "@types/mime": {
      "version": "1.3.5",
      "resolved": "https://registry.npmjs.org/@types/mime/-/mime-1.3.5.tgz",
      "integrity": "sha512-/pyBZWSLD2n0dcHE3hq8s8ZvcETHtEuF+3E7XVt0Ig2nvsVQXdghHVcEkIWjy9A0wKfTn97a/PSDYohKIlnP/w==",
      "dev": true
    },
    "@types/ms": {
      "version": "0.7.34",
      "resolved": "https://registry.npmjs.org/@types/ms/-/ms-0.7.34.tgz",
      "integrity": "sha512-nG96G3Wp6acyAgJqGasjODb+acrI7KltPiRxzHPXnP3NgI28bpQDRv53olbqGXbfcgF5aiiHmO3xpwEpS5Ld9g==",
      "dev": true
    },
    "@types/node": {
      "version": "20.11.25",
      "resolved": "https://registry.npmjs.org/@types/node/-/node-20.11.25.tgz",
      "integrity": "sha512-TBHyJxk2b7HceLVGFcpAUjsa5zIdsPWlR6XHfyGzd0SFu+/NFgQgMAl96MSDZgQDvJAvV6BKsFOrt6zIL09JDw==",
      "dev": true,
      "requires": {
        "undici-types": "~5.26.4"
      }
    },
    "@types/node-static": {
      "version": "0.7.11",
      "resolved": "https://registry.npmjs.org/@types/node-static/-/node-static-0.7.11.tgz",
      "integrity": "sha512-1LrpKh6oftSpO2T7gUtUjT/flRdJt9Dp7IZVuNiTOXtgYVQgb/UJBLMNRUQb/Z+WCRP5OotmrUT3S3PfQn0igQ==",
      "dev": true,
      "requires": {
        "@types/mime": "^1",
        "@types/node": "*"
      }
    },
    "@types/on-finished": {
      "version": "2.3.4",
      "resolved": "https://registry.npmjs.org/@types/on-finished/-/on-finished-2.3.4.tgz",
      "integrity": "sha512-Ld4UQD3udYcKPaAWlI1EYXKhefkZcTlpqOLkQRmN3u5Ml/tUypMivUHbNH8LweP4H4FlhGGO+uBjJI1Y1dkE1g==",
      "dev": true,
      "requires": {
        "@types/node": "*"
      }
    },
    "@types/parseurl": {
      "version": "1.3.3",
      "resolved": "https://registry.npmjs.org/@types/parseurl/-/parseurl-1.3.3.tgz",
      "integrity": "sha512-eamlh+uXpNIG2yVdl6UdBTR3B6jtmJl/JWTNTQAN1K3VH1s5F6UPOhgLwCnU9FJ7R/PnUsRN9zFSpMcxwa2Ndg==",
      "dev": true,
      "requires": {
        "@types/node": "*"
      }
    },
    "@types/range-parser": {
      "version": "1.2.7",
      "resolved": "https://registry.npmjs.org/@types/range-parser/-/range-parser-1.2.7.tgz",
      "integrity": "sha512-hKormJbkJqzQGhziax5PItDUTMAM9uE2XXQmM37dyd4hVM+5aVl7oVxMVUiVQn2oCQFN/LKCZdvSM0pFRqbSmQ==",
      "dev": true
    },
    "@types/send": {
      "version": "0.17.4",
      "resolved": "https://registry.npmjs.org/@types/send/-/send-0.17.4.tgz",
      "integrity": "sha512-x2EM6TJOybec7c52BX0ZspPodMsQUd5L6PRwOunVyVUhXiBSKf3AezDL8Dgvgt5o0UfKNfuA0eMLr2wLT4AiBA==",
      "dev": true,
      "requires": {
        "@types/mime": "^1",
        "@types/node": "*"
      }
    },
    "@types/serve-static": {
      "version": "1.15.5",
      "resolved": "https://registry.npmjs.org/@types/serve-static/-/serve-static-1.15.5.tgz",
      "integrity": "sha512-PDRk21MnK70hja/YF8AHfC7yIsiQHn1rcXx7ijCFBX/k+XQJhQT/gw3xekXKJvx+5SXaMMS8oqQy09Mzvz2TuQ==",
      "dev": true,
      "requires": {
        "@types/http-errors": "*",
        "@types/mime": "*",
        "@types/node": "*"
      }
    },
    "@types/statuses": {
      "version": "2.0.0",
      "resolved": "https://registry.npmjs.org/@types/statuses/-/statuses-2.0.0.tgz",
      "integrity": "sha512-V4dX/J9hyQ8hq2hztP+8xB1girGot5ltjtmxaJusf6AGyxi2RvWJrpWj4/DxF0/GFNOkswUVnbkGXKaaY9juQQ==",
      "dev": true
    },
    "types-registry": {
      "version": "0.1.690",
      "resolved": "https://registry.npmjs.org/types-registry/-/types-registry-0.1.690.tgz",
      "integrity": "sha512-DGHuH2ZIUrf3LTEP3LaVkxkW2liqyQ32EcSyQ6n9Ak1gc+npAC3Mja3uQY+1oM6IxSuGu9t2WeHWakUZDZRh3w=="
    },
    "undici-types": {
      "version": "5.26.5",
      "resolved": "https://registry.npmjs.org/undici-types/-/undici-types-5.26.5.tgz",
      "integrity": "sha512-JlCMO+ehdEIKqlFxk6IfVoAUVmgz7cU7zD/h9XZ0qzeosSHmUJVOzSQvvYSYWXkFXC+IfLKSIffhv0sVZup6pA==",
      "dev": true
    }
  }
}
